// !$*UTF8*$!
{
	archiveVersion = 1;
	classes = {
	};
	objectVersion = 50;
	objects = {

/* Begin PBXBuildFile section */
		DD51F139267E2E43005683B0 /* AppDelegate.swift in Sources */ = {isa = PBXBuildFile; fileRef = DD51F138267E2E43005683B0 /* AppDelegate.swift */; };
		DD51F13B267E2E43005683B0 /* SceneDelegate.swift in Sources */ = {isa = PBXBuildFile; fileRef = DD51F13A267E2E43005683B0 /* SceneDelegate.swift */; };
		DD51F13D267E2E43005683B0 /* ViewController.swift in Sources */ = {isa = PBXBuildFile; fileRef = DD51F13C267E2E43005683B0 /* ViewController.swift */; };
		DD51F140267E2E43005683B0 /* Main.storyboard in Resources */ = {isa = PBXBuildFile; fileRef = DD51F13E267E2E43005683B0 /* Main.storyboard */; };
		DD51F142267E2E45005683B0 /* Assets.xcassets in Resources */ = {isa = PBXBuildFile; fileRef = DD51F141267E2E45005683B0 /* Assets.xcassets */; };
		DD51F145267E2E45005683B0 /* LaunchScreen.storyboard in Resources */ = {isa = PBXBuildFile; fileRef = DD51F143267E2E45005683B0 /* LaunchScreen.storyboard */; };
		DD51F14D267F2881005683B0 /* Extension.swift in Sources */ = {isa = PBXBuildFile; fileRef = DD51F14C267F2881005683B0 /* Extension.swift */; };
		DD51F152267F947E005683B0 /* Data.swift in Sources */ = {isa = PBXBuildFile; fileRef = DD51F151267F947E005683B0 /* Data.swift */; };
		DD8A2EA126875F4600978981 /* 2ndScrollViewController.swift in Sources */ = {isa = PBXBuildFile; fileRef = DD8A2EA026875F4600978981 /* 2ndScrollViewController.swift */; };
		DD8A2EA32688D88E00978981 /* 3rdScrollViewController.swift in Sources */ = {isa = PBXBuildFile; fileRef = DD8A2EA22688D88E00978981 /* 3rdScrollViewController.swift */; };
/* End PBXBuildFile section */

/* Begin PBXFileReference section */
		DD51F135267E2E43005683B0 /* homework_01.app */ = {isa = PBXFileReference; explicitFileType = wrapper.application; includeInIndex = 0; path = homework_01.app; sourceTree = BUILT_PRODUCTS_DIR; };
		DD51F138267E2E43005683B0 /* AppDelegate.swift */ = {isa = PBXFileReference; lastKnownFileType = sourcecode.swift; path = AppDelegate.swift; sourceTree = "<group>"; };
		DD51F13A267E2E43005683B0 /* SceneDelegate.swift */ = {isa = PBXFileReference; lastKnownFileType = sourcecode.swift; path = SceneDelegate.swift; sourceTree = "<group>"; };
		DD51F13C267E2E43005683B0 /* ViewController.swift */ = {isa = PBXFileReference; lastKnownFileType = sourcecode.swift; path = ViewController.swift; sourceTree = "<group>"; };
		DD51F13F267E2E43005683B0 /* Base */ = {isa = PBXFileReference; lastKnownFileType = file.storyboard; name = Base; path = Base.lproj/Main.storyboard; sourceTree = "<group>"; };
		DD51F141267E2E45005683B0 /* Assets.xcassets */ = {isa = PBXFileReference; lastKnownFileType = folder.assetcatalog; path = Assets.xcassets; sourceTree = "<group>"; };
		DD51F144267E2E45005683B0 /* Base */ = {isa = PBXFileReference; lastKnownFileType = file.storyboard; name = Base; path = Base.lproj/LaunchScreen.storyboard; sourceTree = "<group>"; };
		DD51F146267E2E45005683B0 /* Info.plist */ = {isa = PBXFileReference; lastKnownFileType = text.plist.xml; path = Info.plist; sourceTree = "<group>"; };
		DD51F14C267F2881005683B0 /* Extension.swift */ = {isa = PBXFileReference; lastKnownFileType = sourcecode.swift; path = Extension.swift; sourceTree = "<group>"; };
		DD51F151267F947E005683B0 /* Data.swift */ = {isa = PBXFileReference; lastKnownFileType = sourcecode.swift; path = Data.swift; sourceTree = "<group>"; };
		DD8A2EA026875F4600978981 /* 2ndScrollViewController.swift */ = {isa = PBXFileReference; lastKnownFileType = sourcecode.swift; path = 2ndScrollViewController.swift; sourceTree = "<group>"; };
		DD8A2EA22688D88E00978981 /* 3rdScrollViewController.swift */ = {isa = PBXFileReference; lastKnownFileType = sourcecode.swift; path = 3rdScrollViewController.swift; sourceTree = "<group>"; };
/* End PBXFileReference section */

/* Begin PBXFrameworksBuildPhase section */
		DD51F132267E2E43005683B0 /* Frameworks */ = {
			isa = PBXFrameworksBuildPhase;
			buildActionMask = 2147483647;
			files = (
			);
			runOnlyForDeploymentPostprocessing = 0;
		};
/* End PBXFrameworksBuildPhase section */

/* Begin PBXGroup section */
		DD51F12C267E2E43005683B0 = {
			isa = PBXGroup;
			children = (
				DD51F137267E2E43005683B0 /* homework_01 */,
				DD51F136267E2E43005683B0 /* Products */,
			);
			sourceTree = "<group>";
		};
		DD51F136267E2E43005683B0 /* Products */ = {
			isa = PBXGroup;
			children = (
				DD51F135267E2E43005683B0 /* homework_01.app */,
			);
			name = Products;
			sourceTree = "<group>";
		};
		DD51F137267E2E43005683B0 /* homework_01 */ = {
			isa = PBXGroup;
			children = (
				DD51F14E267F9409005683B0 /* Model */,
				DD51F14F267F9411005683B0 /* View */,
				DD51F150267F9441005683B0 /* Controller */,
				DD51F138267E2E43005683B0 /* AppDelegate.swift */,
				DD51F13A267E2E43005683B0 /* SceneDelegate.swift */,
				DD51F141267E2E45005683B0 /* Assets.xcassets */,
				DD51F143267E2E45005683B0 /* LaunchScreen.storyboard */,
				DD51F146267E2E45005683B0 /* Info.plist */,
			);
			path = homework_01;
			sourceTree = "<group>";
		};
		DD51F14E267F9409005683B0 /* Model */ = {
			isa = PBXGroup;
			children = (
				DD51F151267F947E005683B0 /* Data.swift */,
			);
			path = Model;
			sourceTree = "<group>";
		};
		DD51F14F267F9411005683B0 /* View */ = {
			isa = PBXGroup;
			children = (
				DD51F13E267E2E43005683B0 /* Main.storyboard */,
			);
			path = View;
			sourceTree = "<group>";
		};
		DD51F150267F9441005683B0 /* Controller */ = {
			isa = PBXGroup;
			children = (
				DD51F14C267F2881005683B0 /* Extension.swift */,
				DD51F13C267E2E43005683B0 /* ViewController.swift */,
				DD8A2EA026875F4600978981 /* 2ndScrollViewController.swift */,
				DD8A2EA22688D88E00978981 /* 3rdScrollViewController.swift */,
			);
			path = Controller;
			sourceTree = "<group>";
		};
/* End PBXGroup section */

/* Begin PBXNativeTarget section */
		DD51F134267E2E43005683B0 /* homework_01 */ = {
			isa = PBXNativeTarget;
			buildConfigurationList = DD51F149267E2E45005683B0 /* Build configuration list for PBXNativeTarget "homework_01" */;
			buildPhases = (
				DD51F131267E2E43005683B0 /* Sources */,
				DD51F132267E2E43005683B0 /* Frameworks */,
				DD51F133267E2E43005683B0 /* Resources */,
			);
			buildRules = (
			);
			dependencies = (
			);
			name = homework_01;
			productName = homework_01;
			productReference = DD51F135267E2E43005683B0 /* homework_01.app */;
			productType = "com.apple.product-type.application";
		};
/* End PBXNativeTarget section */

/* Begin PBXProject section */
		DD51F12D267E2E43005683B0 /* Project object */ = {
			isa = PBXProject;
			attributes = {
				LastSwiftUpdateCheck = 1250;
				LastUpgradeCheck = 1250;
				TargetAttributes = {
					DD51F134267E2E43005683B0 = {
						CreatedOnToolsVersion = 12.5;
					};
				};
			};
			buildConfigurationList = DD51F130267E2E43005683B0 /* Build configuration list for PBXProject "homework_01" */;
			compatibilityVersion = "Xcode 9.3";
			developmentRegion = en;
			hasScannedForEncodings = 0;
			knownRegions = (
				en,
				Base,
			);
			mainGroup = DD51F12C267E2E43005683B0;
			productRefGroup = DD51F136267E2E43005683B0 /* Products */;
			projectDirPath = "";
			projectRoot = "";
			targets = (
				DD51F134267E2E43005683B0 /* homework_01 */,
			);
		};
/* End PBXProject section */

/* Begin PBXResourcesBuildPhase section */
		DD51F133267E2E43005683B0 /* Resources */ = {
			isa = PBXResourcesBuildPhase;
			buildActionMask = 2147483647;
			files = (
				DD51F145267E2E45005683B0 /* LaunchScreen.storyboard in Resources */,
				DD51F142267E2E45005683B0 /* Assets.xcassets in Resources */,
				DD51F140267E2E43005683B0 /* Main.storyboard in Resources */,
			);
			runOnlyForDeploymentPostprocessing = 0;
		};
/* End PBXResourcesBuildPhase section */

/* Begin PBXSourcesBuildPhase section */
		DD51F131267E2E43005683B0 /* Sources */ = {
			isa = PBXSourcesBuildPhase;
			buildActionMask = 2147483647;
			files = (
				DD8A2EA32688D88E00978981 /* 3rdScrollViewController.swift in Sources */,
				DD51F13D267E2E43005683B0 /* ViewController.swift in Sources */,
				DD51F152267F947E005683B0 /* Data.swift in Sources */,
				DD8A2EA126875F4600978981 /* 2ndScrollViewController.swift in Sources */,
				DD51F139267E2E43005683B0 /* AppDelegate.swift in Sources */,
				DD51F13B267E2E43005683B0 /* SceneDelegate.swift in Sources */,
				DD51F14D267F2881005683B0 /* Extension.swift in Sources */,
			);
			runOnlyForDeploymentPostprocessing = 0;
		};
/* End PBXSourcesBuildPhase section */

/* Begin PBXVariantGroup section */
		DD51F13E267E2E43005683B0 /* Main.storyboard */ = {
			isa = PBXVariantGroup;
			children = (
				DD51F13F267E2E43005683B0 /* Base */,
			);
			name = Main.storyboard;
			sourceTree = "<group>";
		};
		DD51F143267E2E45005683B0 /* LaunchScreen.storyboard */ = {
			isa = PBXVariantGroup;
			children = (
				DD51F144267E2E45005683B0 /* Base */,
			);
			name = LaunchScreen.storyboard;
			sourceTree = "<group>";
		};
/* End PBXVariantGroup section */

/* Begin XCBuildConfiguration section */
		DD51F147267E2E45005683B0 /* Debug */ = {
			isa = XCBuildConfiguration;
			buildSettings = {
				ALWAYS_SEARCH_USER_PATHS = NO;
				CLANG_ANALYZER_NONNULL = YES;
				CLANG_ANALYZER_NUMBER_OBJECT_CONVERSION = YES_AGGRESSIVE;
				CLANG_CXX_LANGUAGE_STANDARD = "gnu++14";
				CLANG_CXX_LIBRARY = "libc++";
				CLANG_ENABLE_MODULES = YES;
				CLANG_ENABLE_OBJC_ARC = YES;
				CLANG_ENABLE_OBJC_WEAK = YES;
				CLANG_WARN_BLOCK_CAPTURE_AUTORELEASING = YES;
				CLANG_WARN_BOOL_CONVERSION = YES;
				CLANG_WARN_COMMA = YES;
				CLANG_WARN_CONSTANT_CONVERSION = YES;
				CLANG_WARN_DEPRECATED_OBJC_IMPLEMENTATIONS = YES;
				CLANG_WARN_DIRECT_OBJC_ISA_USAGE = YES_ERROR;
				CLANG_WARN_DOCUMENTATION_COMMENTS = YES;
				CLANG_WARN_EMPTY_BODY = YES;
				CLANG_WARN_ENUM_CONVERSION = YES;
				CLANG_WARN_INFINITE_RECURSION = YES;
				CLANG_WARN_INT_CONVERSION = YES;
				CLANG_WARN_NON_LITERAL_NULL_CONVERSION = YES;
				CLANG_WARN_OBJC_IMPLICIT_RETAIN_SELF = YES;
				CLANG_WARN_OBJC_LITERAL_CONVERSION = YES;
				CLANG_WARN_OBJC_ROOT_CLASS = YES_ERROR;
				CLANG_WARN_QUOTED_INCLUDE_IN_FRAMEWORK_HEADER = YES;
				CLANG_WARN_RANGE_LOOP_ANALYSIS = YES;
				CLANG_WARN_STRICT_PROTOTYPES = YES;
				CLANG_WARN_SUSPICIOUS_MOVE = YES;
				CLANG_WARN_UNGUARDED_AVAILABILITY = YES_AGGRESSIVE;
				CLANG_WARN_UNREACHABLE_CODE = YES;
				CLANG_WARN__DUPLICATE_METHOD_MATCH = YES;
				COPY_PHASE_STRIP = NO;
				DEBUG_INFORMATION_FORMAT = dwarf;
				ENABLE_STRICT_OBJC_MSGSEND = YES;
				ENABLE_TESTABILITY = YES;
				GCC_C_LANGUAGE_STANDARD = gnu11;
				GCC_DYNAMIC_NO_PIC = NO;
				GCC_NO_COMMON_BLOCKS = YES;
				GCC_OPTIMIZATION_LEVEL = 0;
				GCC_PREPROCESSOR_DEFINITIONS = (
					"DEBUG=1",
					"$(inherited)",
				);
				GCC_WARN_64_TO_32_BIT_CONVERSION = YES;
				GCC_WARN_ABOUT_RETURN_TYPE = YES_ERROR;
				GCC_WARN_UNDECLARED_SELECTOR = YES;
				GCC_WARN_UNINITIALIZED_AUTOS = YES_AGGRESSIVE;
				GCC_WARN_UNUSED_FUNCTION = YES;
				GCC_WARN_UNUSED_VARIABLE = YES;
				IPHONEOS_DEPLOYMENT_TARGET = 14.5;
				MTL_ENABLE_DEBUG_INFO = INCLUDE_SOURCE;
				MTL_FAST_MATH = YES;
				ONLY_ACTIVE_ARCH = YES;
				SDKROOT = iphoneos;
				SWIFT_ACTIVE_COMPILATION_CONDITIONS = DEBUG;
				SWIFT_OPTIMIZATION_LEVEL = "-Onone";
			};
			name = Debug;
		};
		DD51F148267E2E45005683B0 /* Release */ = {
			isa = XCBuildConfiguration;
			buildSettings = {
				ALWAYS_SEARCH_USER_PATHS = NO;
				CLANG_ANALYZER_NONNULL = YES;
				CLANG_ANALYZER_NUMBER_OBJECT_CONVERSION = YES_AGGRESSIVE;
				CLANG_CXX_LANGUAGE_STANDARD = "gnu++14";
				CLANG_CXX_LIBRARY = "libc++";
				CLANG_ENABLE_MODULES = YES;
				CLANG_ENABLE_OBJC_ARC = YES;
				CLANG_ENABLE_OBJC_WEAK = YES;
				CLANG_WARN_BLOCK_CAPTURE_AUTORELEASING = YES;
				CLANG_WARN_BOOL_CONVERSION = YES;
				CLANG_WARN_COMMA = YES;
				CLANG_WARN_CONSTANT_CONVERSION = YES;
				CLANG_WARN_DEPRECATED_OBJC_IMPLEMENTATIONS = YES;
				CLANG_WARN_DIRECT_OBJC_ISA_USAGE = YES_ERROR;
				CLANG_WARN_DOCUMENTATION_COMMENTS = YES;
				CLANG_WARN_EMPTY_BODY = YES;
				CLANG_WARN_ENUM_CONVERSION = YES;
				CLANG_WARN_INFINITE_RECURSION = YES;
				CLANG_WARN_INT_CONVERSION = YES;
				CLANG_WARN_NON_LITERAL_NULL_CONVERSION = YES;
				CLANG_WARN_OBJC_IMPLICIT_RETAIN_SELF = YES;
				CLANG_WARN_OBJC_LITERAL_CONVERSION = YES;
				CLANG_WARN_OBJC_ROOT_CLASS = YES_ERROR;
				CLANG_WARN_QUOTED_INCLUDE_IN_FRAMEWORK_HEADER = YES;
				CLANG_WARN_RANGE_LOOP_ANALYSIS = YES;
				CLANG_WARN_STRICT_PROTOTYPES = YES;
				CLANG_WARN_SUSPICIOUS_MOVE = YES;
				CLANG_WARN_UNGUARDED_AVAILABILITY = YES_AGGRESSIVE;
				CLANG_WARN_UNREACHABLE_CODE = YES;
				CLANG_WARN__DUPLICATE_METHOD_MATCH = YES;
				COPY_PHASE_STRIP = NO;
				DEBUG_INFORMATION_FORMAT = "dwarf-with-dsym";
				ENABLE_NS_ASSERTIONS = NO;
				ENABLE_STRICT_OBJC_MSGSEND = YES;
				GCC_C_LANGUAGE_STANDARD = gnu11;
				GCC_NO_COMMON_BLOCKS = YES;
				GCC_WARN_64_TO_32_BIT_CONVERSION = YES;
				GCC_WARN_ABOUT_RETURN_TYPE = YES_ERROR;
				GCC_WARN_UNDECLARED_SELECTOR = YES;
				GCC_WARN_UNINITIALIZED_AUTOS = YES_AGGRESSIVE;
				GCC_WARN_UNUSED_FUNCTION = YES;
				GCC_WARN_UNUSED_VARIABLE = YES;
				IPHONEOS_DEPLOYMENT_TARGET = 14.5;
				MTL_ENABLE_DEBUG_INFO = NO;
				MTL_FAST_MATH = YES;
				SDKROOT = iphoneos;
				SWIFT_COMPILATION_MODE = wholemodule;
				SWIFT_OPTIMIZATION_LEVEL = "-O";
				VALIDATE_PRODUCT = YES;
			};
			name = Release;
		};
		DD51F14A267E2E45005683B0 /* Debug */ = {
			isa = XCBuildConfiguration;
			buildSettings = {
				ASSETCATALOG_COMPILER_APPICON_NAME = AppIcon;
				ASSETCATALOG_COMPILER_GLOBAL_ACCENT_COLOR_NAME = AccentColor;
				CODE_SIGN_STYLE = Automatic;
				DEVELOPMENT_TEAM = N3RLP9749V;
				INFOPLIST_FILE = homework_01/Info.plist;
				IPHONEOS_DEPLOYMENT_TARGET = 13.6;
				LD_RUNPATH_SEARCH_PATHS = (
					"$(inherited)",
					"@executable_path/Frameworks",
				);
				PRODUCT_BUNDLE_IDENTIFIER = "com.gooLITE.homework-01";
				PRODUCT_NAME = "$(TARGET_NAME)";
				SWIFT_VERSION = 5.0;
				TARGETED_DEVICE_FAMILY = "1,2";
			};
			name = Debug;
		};
		DD51F14B267E2E45005683B0 /* Release */ = {
			isa = XCBuildConfiguration;
			buildSettings = {
				ASSETCATALOG_COMPILER_APPICON_NAME = AppIcon;
				ASSETCATALOG_COMPILER_GLOBAL_ACCENT_COLOR_NAME = AccentColor;
				CODE_SIGN_STYLE = Automatic;
				DEVELOPMENT_TEAM = N3RLP9749V;
				INFOPLIST_FILE = homework_01/Info.plist;
				IPHONEOS_DEPLOYMENT_TARGET = 13.6;
				LD_RUNPATH_SEARCH_PATHS = (
					"$(inherited)",
					"@executable_path/Frameworks",
				);
				PRODUCT_BUNDLE_IDENTIFIER = "com.gooLITE.homework-01";
				PRODUCT_NAME = "$(TARGET_NAME)";
				SWIFT_VERSION = 5.0;
				TARGETED_DEVICE_FAMILY = "1,2";
			};
			name = Release;
		};
/* End XCBuildConfiguration section */

/* Begin XCConfigurationList section */
		DD51F130267E2E43005683B0 /* Build configuration list for PBXProject "homework_01" */ = {
			isa = XCConfigurationList;
			buildConfigurations = (
				DD51F147267E2E45005683B0 /* Debug */,
				DD51F148267E2E45005683B0 /* Release */,
			);
			defaultConfigurationIsVisible = 0;
			defaultConfigurationName = Release;
		};
		DD51F149267E2E45005683B0 /* Build configuration list for PBXNativeTarget "homework_01" */ = {
			isa = XCConfigurationList;
			buildConfigurations = (
				DD51F14A267E2E45005683B0 /* Debug */,
				DD51F14B267E2E45005683B0 /* Release */,
			);
			defaultConfigurationIsVisible = 0;
			defaultConfigurationName = Release;
		};
/* End XCConfigurationList section */
	};
	rootObject = DD51F12D267E2E43005683B0 /* Project object */;
}
